// !$*UTF8*$!
{
	archiveVersion = 1;
	classes = {
	};
	objectVersion = 46;
	objects = {

/* Begin PBXBuildFile section */
		930F9D5119CD38B200CA9D12 /* AppDelegate.m in Sources */ = {isa = PBXBuildFile; fileRef = 93679E3B19CD1A30000FF2B3 /* AppDelegate.m */; };
		930F9D5219CD38B200CA9D12 /* TruthTableViewController.m in Sources */ = {isa = PBXBuildFile; fileRef = 93679E6219CD1AC9000FF2B3 /* TruthTableViewController.m */; };
		930F9D5419CD38B200CA9D12 /* main.m in Sources */ = {isa = PBXBuildFile; fileRef = 93679E3819CD1A30000FF2B3 /* main.m */; };
		930F9D5719CD397C00CA9D12 /* TruthTable.mm in Sources */ = {isa = PBXBuildFile; fileRef = 930F9D5619CD397C00CA9D12 /* TruthTable.mm */; };
		9335921319CF9A71007638AE /* TruthTableFile.m in Sources */ = {isa = PBXBuildFile; fileRef = 9335921219CF9A71007638AE /* TruthTableFile.m */; };
		93679E4419CD1A30000FF2B3 /* Images.xcassets in Resources */ = {isa = PBXBuildFile; fileRef = 93679E4319CD1A30000FF2B3 /* Images.xcassets */; };
		93679E4719CD1A30000FF2B3 /* LaunchScreen.xib in Resources */ = {isa = PBXBuildFile; fileRef = 93679E4519CD1A30000FF2B3 /* LaunchScreen.xib */; };
		93679E5319CD1A30000FF2B3 /* TruthTests.m in Sources */ = {isa = PBXBuildFile; fileRef = 93679E5219CD1A30000FF2B3 /* TruthTests.m */; };
		93679E6019CD1AA8000FF2B3 /* Main.storyboard in Resources */ = {isa = PBXBuildFile; fileRef = 93679E5F19CD1AA8000FF2B3 /* Main.storyboard */; };
		937E42AD19CE1AD600F69DB9 /* QuickLook.framework in Frameworks */ = {isa = PBXBuildFile; fileRef = 937E42AC19CE1AD600F69DB9 /* QuickLook.framework */; };
		937E42B819CE325100F69DB9 /* TruthTableInputAccessoryView.xib in Resources */ = {isa = PBXBuildFile; fileRef = 937E42B719CE325100F69DB9 /* TruthTableInputAccessoryView.xib */; };
		937E42BB19CE741F00F69DB9 /* UITextField+Shake.m in Sources */ = {isa = PBXBuildFile; fileRef = 937E42BA19CE741F00F69DB9 /* UITextField+Shake.m */; };
		937E42BE19CE7ACD00F69DB9 /* UITextField+Cursor.m in Sources */ = {isa = PBXBuildFile; fileRef = 937E42BD19CE7ACD00F69DB9 /* UITextField+Cursor.m */; };
		937E42C119CE7F0000F69DB9 /* TruthTableInputAccessoryView.m in Sources */ = {isa = PBXBuildFile; fileRef = 937E42C019CE7F0000F69DB9 /* TruthTableInputAccessoryView.m */; };
		937E42C519CE8B8600F69DB9 /* Preferences.m in Sources */ = {isa = PBXBuildFile; fileRef = 937E42C419CE8B8600F69DB9 /* Preferences.m */; };
		937E42C819CE94E400F69DB9 /* PreferencesTableViewController.m in Sources */ = {isa = PBXBuildFile; fileRef = 937E42C719CE94E400F69DB9 /* PreferencesTableViewController.m */; };
		937E42CB19CE964E00F69DB9 /* UISegmentedControl+SetSegments.m in Sources */ = {isa = PBXBuildFile; fileRef = 937E42CA19CE964E00F69DB9 /* UISegmentedControl+SetSegments.m */; };
		937E42CD19CE9CEA00F69DB9 /* PreferencesTableViewCell.xib in Resources */ = {isa = PBXBuildFile; fileRef = 937E42CC19CE9CEA00F69DB9 /* PreferencesTableViewCell.xib */; };
		937E42D019CEA17100F69DB9 /* PreferencesTableViewCell.m in Sources */ = {isa = PBXBuildFile; fileRef = 937E42CF19CEA17100F69DB9 /* PreferencesTableViewCell.m */; };
		93E7E7D219CFEA7600BD38B0 /* FileTableViewController.m in Sources */ = {isa = PBXBuildFile; fileRef = 93E7E7D119CFEA7600BD38B0 /* FileTableViewController.m */; };
		93E7E7D519CFEC6000BD38B0 /* FileTableViewCell.m in Sources */ = {isa = PBXBuildFile; fileRef = 93E7E7D419CFEC6000BD38B0 /* FileTableViewCell.m */; };
/* End PBXBuildFile section */

/* Begin PBXContainerItemProxy section */
		93679E4D19CD1A30000FF2B3 /* PBXContainerItemProxy */ = {
			isa = PBXContainerItemProxy;
			containerPortal = 93679E2B19CD1A30000FF2B3 /* Project object */;
			proxyType = 1;
			remoteGlobalIDString = 93679E3219CD1A30000FF2B3;
			remoteInfo = Truth;
		};
/* End PBXContainerItemProxy section */

/* Begin PBXFileReference section */
		930F9D5519CD397C00CA9D12 /* TruthTable.h */ = {isa = PBXFileReference; fileEncoding = 4; lastKnownFileType = sourcecode.c.h; path = TruthTable.h; sourceTree = "<group>"; };
		930F9D5619CD397C00CA9D12 /* TruthTable.mm */ = {isa = PBXFileReference; fileEncoding = 4; lastKnownFileType = sourcecode.cpp.objcpp; path = TruthTable.mm; sourceTree = "<group>"; };
		9335921119CF9A71007638AE /* TruthTableFile.h */ = {isa = PBXFileReference; fileEncoding = 4; lastKnownFileType = sourcecode.c.h; path = TruthTableFile.h; sourceTree = "<group>"; };
		9335921219CF9A71007638AE /* TruthTableFile.m */ = {isa = PBXFileReference; fileEncoding = 4; lastKnownFileType = sourcecode.c.objc; path = TruthTableFile.m; sourceTree = "<group>"; };
		93679E3319CD1A30000FF2B3 /* Truth.app */ = {isa = PBXFileReference; explicitFileType = wrapper.application; includeInIndex = 0; path = Truth.app; sourceTree = BUILT_PRODUCTS_DIR; };
		93679E3719CD1A30000FF2B3 /* Info.plist */ = {isa = PBXFileReference; lastKnownFileType = text.plist.xml; path = Info.plist; sourceTree = "<group>"; };
		93679E3819CD1A30000FF2B3 /* main.m */ = {isa = PBXFileReference; lastKnownFileType = sourcecode.c.objc; path = main.m; sourceTree = "<group>"; };
		93679E3A19CD1A30000FF2B3 /* AppDelegate.h */ = {isa = PBXFileReference; lastKnownFileType = sourcecode.c.h; path = AppDelegate.h; sourceTree = "<group>"; };
		93679E3B19CD1A30000FF2B3 /* AppDelegate.m */ = {isa = PBXFileReference; lastKnownFileType = sourcecode.c.objc; path = AppDelegate.m; sourceTree = "<group>"; };
		93679E4319CD1A30000FF2B3 /* Images.xcassets */ = {isa = PBXFileReference; lastKnownFileType = folder.assetcatalog; path = Images.xcassets; sourceTree = "<group>"; };
		93679E4619CD1A30000FF2B3 /* Base */ = {isa = PBXFileReference; lastKnownFileType = file.xib; name = Base; path = Base.lproj/LaunchScreen.xib; sourceTree = "<group>"; };
		93679E4C19CD1A30000FF2B3 /* TruthTests.xctest */ = {isa = PBXFileReference; explicitFileType = wrapper.cfbundle; includeInIndex = 0; path = TruthTests.xctest; sourceTree = BUILT_PRODUCTS_DIR; };
		93679E5119CD1A30000FF2B3 /* Info.plist */ = {isa = PBXFileReference; lastKnownFileType = text.plist.xml; path = Info.plist; sourceTree = "<group>"; };
		93679E5219CD1A30000FF2B3 /* TruthTests.m */ = {isa = PBXFileReference; lastKnownFileType = sourcecode.c.objc; path = TruthTests.m; sourceTree = "<group>"; };
		93679E5E19CD1A55000FF2B3 /* BinaryExpressionTree.h */ = {isa = PBXFileReference; lastKnownFileType = sourcecode.c.h; path = BinaryExpressionTree.h; sourceTree = "<group>"; };
		93679E5F19CD1AA8000FF2B3 /* Main.storyboard */ = {isa = PBXFileReference; fileEncoding = 4; lastKnownFileType = file.storyboard; path = Main.storyboard; sourceTree = "<group>"; };
		93679E6119CD1AC9000FF2B3 /* TruthTableViewController.h */ = {isa = PBXFileReference; fileEncoding = 4; lastKnownFileType = sourcecode.c.h; path = TruthTableViewController.h; sourceTree = "<group>"; };
		93679E6219CD1AC9000FF2B3 /* TruthTableViewController.m */ = {isa = PBXFileReference; fileEncoding = 4; lastKnownFileType = sourcecode.c.objc; path = TruthTableViewController.m; sourceTree = "<group>"; };
		937E42AC19CE1AD600F69DB9 /* QuickLook.framework */ = {isa = PBXFileReference; lastKnownFileType = wrapper.framework; name = QuickLook.framework; path = System/Library/Frameworks/QuickLook.framework; sourceTree = SDKROOT; };
		937E42B719CE325100F69DB9 /* TruthTableInputAccessoryView.xib */ = {isa = PBXFileReference; fileEncoding = 4; lastKnownFileType = file.xib; path = TruthTableInputAccessoryView.xib; sourceTree = "<group>"; };
		937E42B919CE741F00F69DB9 /* UITextField+Shake.h */ = {isa = PBXFileReference; fileEncoding = 4; lastKnownFileType = sourcecode.c.h; path = "UITextField+Shake.h"; sourceTree = "<group>"; };
		937E42BA19CE741F00F69DB9 /* UITextField+Shake.m */ = {isa = PBXFileReference; fileEncoding = 4; lastKnownFileType = sourcecode.c.objc; path = "UITextField+Shake.m"; sourceTree = "<group>"; };
		937E42BC19CE7ACD00F69DB9 /* UITextField+Cursor.h */ = {isa = PBXFileReference; fileEncoding = 4; lastKnownFileType = sourcecode.c.h; path = "UITextField+Cursor.h"; sourceTree = "<group>"; };
		937E42BD19CE7ACD00F69DB9 /* UITextField+Cursor.m */ = {isa = PBXFileReference; fileEncoding = 4; lastKnownFileType = sourcecode.c.objc; path = "UITextField+Cursor.m"; sourceTree = "<group>"; };
		937E42BF19CE7F0000F69DB9 /* TruthTableInputAccessoryView.h */ = {isa = PBXFileReference; fileEncoding = 4; lastKnownFileType = sourcecode.c.h; path = TruthTableInputAccessoryView.h; sourceTree = "<group>"; };
		937E42C019CE7F0000F69DB9 /* TruthTableInputAccessoryView.m */ = {isa = PBXFileReference; fileEncoding = 4; lastKnownFileType = sourcecode.c.objc; path = TruthTableInputAccessoryView.m; sourceTree = "<group>"; };
		937E42C319CE8B8600F69DB9 /* Preferences.h */ = {isa = PBXFileReference; fileEncoding = 4; lastKnownFileType = sourcecode.c.h; path = Preferences.h; sourceTree = "<group>"; };
		937E42C419CE8B8600F69DB9 /* Preferences.m */ = {isa = PBXFileReference; fileEncoding = 4; lastKnownFileType = sourcecode.c.objc; path = Preferences.m; sourceTree = "<group>"; };
		937E42C619CE94E400F69DB9 /* PreferencesTableViewController.h */ = {isa = PBXFileReference; fileEncoding = 4; lastKnownFileType = sourcecode.c.h; path = PreferencesTableViewController.h; sourceTree = "<group>"; };
		937E42C719CE94E400F69DB9 /* PreferencesTableViewController.m */ = {isa = PBXFileReference; fileEncoding = 4; lastKnownFileType = sourcecode.c.objc; path = PreferencesTableViewController.m; sourceTree = "<group>"; };
		937E42C919CE964E00F69DB9 /* UISegmentedControl+SetSegments.h */ = {isa = PBXFileReference; fileEncoding = 4; lastKnownFileType = sourcecode.c.h; path = "UISegmentedControl+SetSegments.h"; sourceTree = "<group>"; };
		937E42CA19CE964E00F69DB9 /* UISegmentedControl+SetSegments.m */ = {isa = PBXFileReference; fileEncoding = 4; lastKnownFileType = sourcecode.c.objc; path = "UISegmentedControl+SetSegments.m"; sourceTree = "<group>"; };
		937E42CC19CE9CEA00F69DB9 /* PreferencesTableViewCell.xib */ = {isa = PBXFileReference; fileEncoding = 4; lastKnownFileType = file.xib; path = PreferencesTableViewCell.xib; sourceTree = "<group>"; };
		937E42CE19CEA17100F69DB9 /* PreferencesTableViewCell.h */ = {isa = PBXFileReference; fileEncoding = 4; lastKnownFileType = sourcecode.c.h; path = PreferencesTableViewCell.h; sourceTree = "<group>"; };
		937E42CF19CEA17100F69DB9 /* PreferencesTableViewCell.m */ = {isa = PBXFileReference; fileEncoding = 4; lastKnownFileType = sourcecode.c.objc; path = PreferencesTableViewCell.m; sourceTree = "<group>"; };
		93B29A1719CD25E400E27544 /* Node.h */ = {isa = PBXFileReference; fileEncoding = 4; lastKnownFileType = sourcecode.c.h; path = Node.h; sourceTree = "<group>"; };
		93B29A1819CD25E400E27544 /* Expression.h */ = {isa = PBXFileReference; fileEncoding = 4; lastKnownFileType = sourcecode.c.h; path = Expression.h; sourceTree = "<group>"; };
		93B29A1C19CD261500E27544 /* BinaryTree.h */ = {isa = PBXFileReference; lastKnownFileType = sourcecode.c.h; path = BinaryTree.h; sourceTree = "<group>"; };
		93B29A1D19CD273A00E27544 /* Operator.h */ = {isa = PBXFileReference; lastKnownFileType = sourcecode.c.h; path = Operator.h; sourceTree = "<group>"; };
		93E7E7D019CFEA7600BD38B0 /* FileTableViewController.h */ = {isa = PBXFileReference; fileEncoding = 4; lastKnownFileType = sourcecode.c.h; path = FileTableViewController.h; sourceTree = "<group>"; };
		93E7E7D119CFEA7600BD38B0 /* FileTableViewController.m */ = {isa = PBXFileReference; fileEncoding = 4; lastKnownFileType = sourcecode.c.objc; path = FileTableViewController.m; sourceTree = "<group>"; };
		93E7E7D319CFEC6000BD38B0 /* FileTableViewCell.h */ = {isa = PBXFileReference; fileEncoding = 4; lastKnownFileType = sourcecode.c.h; path = FileTableViewCell.h; sourceTree = "<group>"; };
		93E7E7D419CFEC6000BD38B0 /* FileTableViewCell.m */ = {isa = PBXFileReference; fileEncoding = 4; lastKnownFileType = sourcecode.c.objc; path = FileTableViewCell.m; sourceTree = "<group>"; };
/* End PBXFileReference section */

/* Begin PBXFrameworksBuildPhase section */
		93679E3019CD1A30000FF2B3 /* Frameworks */ = {
			isa = PBXFrameworksBuildPhase;
			buildActionMask = 2147483647;
			files = (
				937E42AD19CE1AD600F69DB9 /* QuickLook.framework in Frameworks */,
			);
			runOnlyForDeploymentPostprocessing = 0;
		};
		93679E4919CD1A30000FF2B3 /* Frameworks */ = {
			isa = PBXFrameworksBuildPhase;
			buildActionMask = 2147483647;
			files = (
			);
			runOnlyForDeploymentPostprocessing = 0;
		};
/* End PBXFrameworksBuildPhase section */

/* Begin PBXGroup section */
		930F9D5819CD3A6800CA9D12 /* Objective-C++ */ = {
			isa = PBXGroup;
			children = (
				930F9D5519CD397C00CA9D12 /* TruthTable.h */,
				930F9D5619CD397C00CA9D12 /* TruthTable.mm */,
			);
			name = "Objective-C++";
			sourceTree = "<group>";
		};
		930F9D5919CD5DAF00CA9D12 /* Controllers */ = {
			isa = PBXGroup;
			children = (
				93679E6119CD1AC9000FF2B3 /* TruthTableViewController.h */,
				93679E6219CD1AC9000FF2B3 /* TruthTableViewController.m */,
				937E42C619CE94E400F69DB9 /* PreferencesTableViewController.h */,
				937E42C719CE94E400F69DB9 /* PreferencesTableViewController.m */,
				93E7E7D019CFEA7600BD38B0 /* FileTableViewController.h */,
				93E7E7D119CFEA7600BD38B0 /* FileTableViewController.m */,
			);
			name = Controllers;
			sourceTree = "<group>";
		};
		9343000219CD69E80046243F /* Views */ = {
			isa = PBXGroup;
			children = (
				937E42B719CE325100F69DB9 /* TruthTableInputAccessoryView.xib */,
				937E42BF19CE7F0000F69DB9 /* TruthTableInputAccessoryView.h */,
				937E42C019CE7F0000F69DB9 /* TruthTableInputAccessoryView.m */,
				937E42B919CE741F00F69DB9 /* UITextField+Shake.h */,
				937E42BA19CE741F00F69DB9 /* UITextField+Shake.m */,
				937E42BC19CE7ACD00F69DB9 /* UITextField+Cursor.h */,
				937E42BD19CE7ACD00F69DB9 /* UITextField+Cursor.m */,
				937E42C919CE964E00F69DB9 /* UISegmentedControl+SetSegments.h */,
				937E42CA19CE964E00F69DB9 /* UISegmentedControl+SetSegments.m */,
				937E42CC19CE9CEA00F69DB9 /* PreferencesTableViewCell.xib */,
				937E42CE19CEA17100F69DB9 /* PreferencesTableViewCell.h */,
				937E42CF19CEA17100F69DB9 /* PreferencesTableViewCell.m */,
				93E7E7D319CFEC6000BD38B0 /* FileTableViewCell.h */,
				93E7E7D419CFEC6000BD38B0 /* FileTableViewCell.m */,
			);
			name = Views;
			sourceTree = "<group>";
		};
		93679E2A19CD1A30000FF2B3 = {
			isa = PBXGroup;
			children = (
				937E42AC19CE1AD600F69DB9 /* QuickLook.framework */,
				93679E3519CD1A30000FF2B3 /* Truth */,
				93679E4F19CD1A30000FF2B3 /* TruthTests */,
				93679E3419CD1A30000FF2B3 /* Products */,
			);
			sourceTree = "<group>";
		};
		93679E3419CD1A30000FF2B3 /* Products */ = {
			isa = PBXGroup;
			children = (
				93679E3319CD1A30000FF2B3 /* Truth.app */,
				93679E4C19CD1A30000FF2B3 /* TruthTests.xctest */,
			);
			name = Products;
			sourceTree = "<group>";
		};
		93679E3519CD1A30000FF2B3 /* Truth */ = {
			isa = PBXGroup;
			children = (
				93679E3A19CD1A30000FF2B3 /* AppDelegate.h */,
				93679E3B19CD1A30000FF2B3 /* AppDelegate.m */,
				93679E5F19CD1AA8000FF2B3 /* Main.storyboard */,
				937E42C219CE8B7900F69DB9 /* Model */,
				9343000219CD69E80046243F /* Views */,
				930F9D5919CD5DAF00CA9D12 /* Controllers */,
				930F9D5819CD3A6800CA9D12 /* Objective-C++ */,
				93B29A1B19CD25FD00E27544 /* C++ */,
				93679E4319CD1A30000FF2B3 /* Images.xcassets */,
				93679E4519CD1A30000FF2B3 /* LaunchScreen.xib */,
				93679E3619CD1A30000FF2B3 /* Supporting Files */,
			);
			path = Truth;
			sourceTree = "<group>";
		};
		93679E3619CD1A30000FF2B3 /* Supporting Files */ = {
			isa = PBXGroup;
			children = (
				93679E3719CD1A30000FF2B3 /* Info.plist */,
				93679E3819CD1A30000FF2B3 /* main.m */,
			);
			name = "Supporting Files";
			sourceTree = "<group>";
		};
		93679E4F19CD1A30000FF2B3 /* TruthTests */ = {
			isa = PBXGroup;
			children = (
				93679E5219CD1A30000FF2B3 /* TruthTests.m */,
				93679E5019CD1A30000FF2B3 /* Supporting Files */,
			);
			path = TruthTests;
			sourceTree = "<group>";
		};
		93679E5019CD1A30000FF2B3 /* Supporting Files */ = {
			isa = PBXGroup;
			children = (
				93679E5119CD1A30000FF2B3 /* Info.plist */,
			);
			name = "Supporting Files";
			sourceTree = "<group>";
		};
		937E42C219CE8B7900F69DB9 /* Model */ = {
			isa = PBXGroup;
			children = (
				937E42C319CE8B8600F69DB9 /* Preferences.h */,
				937E42C419CE8B8600F69DB9 /* Preferences.m */,
				9335921119CF9A71007638AE /* TruthTableFile.h */,
				9335921219CF9A71007638AE /* TruthTableFile.m */,
			);
			name = Model;
			sourceTree = "<group>";
		};
		93B29A1B19CD25FD00E27544 /* C++ */ = {
			isa = PBXGroup;
			children = (
				93B29A1719CD25E400E27544 /* Node.h */,
				93B29A1819CD25E400E27544 /* Expression.h */,
				93B29A1D19CD273A00E27544 /* Operator.h */,
				93B29A1C19CD261500E27544 /* BinaryTree.h */,
				93679E5E19CD1A55000FF2B3 /* BinaryExpressionTree.h */,
			);
			name = "C++";
			sourceTree = "<group>";
		};
/* End PBXGroup section */

/* Begin PBXNativeTarget section */
		93679E3219CD1A30000FF2B3 /* Truth */ = {
			isa = PBXNativeTarget;
			buildConfigurationList = 93679E5619CD1A30000FF2B3 /* Build configuration list for PBXNativeTarget "Truth" */;
			buildPhases = (
				93679E2F19CD1A30000FF2B3 /* Sources */,
				93679E3019CD1A30000FF2B3 /* Frameworks */,
				93679E3119CD1A30000FF2B3 /* Resources */,
			);
			buildRules = (
			);
			dependencies = (
			);
			name = Truth;
			productName = Truth;
			productReference = 93679E3319CD1A30000FF2B3 /* Truth.app */;
			productType = "com.apple.product-type.application";
		};
		93679E4B19CD1A30000FF2B3 /* TruthTests */ = {
			isa = PBXNativeTarget;
			buildConfigurationList = 93679E5919CD1A30000FF2B3 /* Build configuration list for PBXNativeTarget "TruthTests" */;
			buildPhases = (
				93679E4819CD1A30000FF2B3 /* Sources */,
				93679E4919CD1A30000FF2B3 /* Frameworks */,
				93679E4A19CD1A30000FF2B3 /* Resources */,
			);
			buildRules = (
			);
			dependencies = (
				93679E4E19CD1A30000FF2B3 /* PBXTargetDependency */,
			);
			name = TruthTests;
			productName = TruthTests;
			productReference = 93679E4C19CD1A30000FF2B3 /* TruthTests.xctest */;
			productType = "com.apple.product-type.bundle.unit-test";
		};
/* End PBXNativeTarget section */

/* Begin PBXProject section */
		93679E2B19CD1A30000FF2B3 /* Project object */ = {
			isa = PBXProject;
			attributes = {
				LastUpgradeCheck = 0600;
				ORGANIZATIONNAME = MichaelSnowden;
				TargetAttributes = {
					93679E3219CD1A30000FF2B3 = {
						CreatedOnToolsVersion = 6.0;
					};
					93679E4B19CD1A30000FF2B3 = {
						CreatedOnToolsVersion = 6.0;
						TestTargetID = 93679E3219CD1A30000FF2B3;
					};
				};
			};
			buildConfigurationList = 93679E2E19CD1A30000FF2B3 /* Build configuration list for PBXProject "Truth" */;
			compatibilityVersion = "Xcode 3.2";
			developmentRegion = English;
			hasScannedForEncodings = 0;
			knownRegions = (
				en,
				Base,
			);
			mainGroup = 93679E2A19CD1A30000FF2B3;
			productRefGroup = 93679E3419CD1A30000FF2B3 /* Products */;
			projectDirPath = "";
			projectRoot = "";
			targets = (
				93679E3219CD1A30000FF2B3 /* Truth */,
				93679E4B19CD1A30000FF2B3 /* TruthTests */,
			);
		};
/* End PBXProject section */

/* Begin PBXResourcesBuildPhase section */
		93679E3119CD1A30000FF2B3 /* Resources */ = {
			isa = PBXResourcesBuildPhase;
			buildActionMask = 2147483647;
			files = (
				93679E6019CD1AA8000FF2B3 /* Main.storyboard in Resources */,
				93679E4719CD1A30000FF2B3 /* LaunchScreen.xib in Resources */,
				937E42B819CE325100F69DB9 /* TruthTableInputAccessoryView.xib in Resources */,
				93679E4419CD1A30000FF2B3 /* Images.xcassets in Resources */,
				937E42CD19CE9CEA00F69DB9 /* PreferencesTableViewCell.xib in Resources */,
			);
			runOnlyForDeploymentPostprocessing = 0;
		};
		93679E4A19CD1A30000FF2B3 /* Resources */ = {
			isa = PBXResourcesBuildPhase;
			buildActionMask = 2147483647;
			files = (
			);
			runOnlyForDeploymentPostprocessing = 0;
		};
/* End PBXResourcesBuildPhase section */

/* Begin PBXSourcesBuildPhase section */
		93679E2F19CD1A30000FF2B3 /* Sources */ = {
			isa = PBXSourcesBuildPhase;
			buildActionMask = 2147483647;
			files = (
				93E7E7D219CFEA7600BD38B0 /* FileTableViewController.m in Sources */,
				937E42D019CEA17100F69DB9 /* PreferencesTableViewCell.m in Sources */,
				930F9D5119CD38B200CA9D12 /* AppDelegate.m in Sources */,
				937E42BE19CE7ACD00F69DB9 /* UITextField+Cursor.m in Sources */,
				937E42C519CE8B8600F69DB9 /* Preferences.m in Sources */,
				93E7E7D519CFEC6000BD38B0 /* FileTableViewCell.m in Sources */,
				937E42CB19CE964E00F69DB9 /* UISegmentedControl+SetSegments.m in Sources */,
				930F9D5219CD38B200CA9D12 /* TruthTableViewController.m in Sources */,
				9335921319CF9A71007638AE /* TruthTableFile.m in Sources */,
				930F9D5719CD397C00CA9D12 /* TruthTable.mm in Sources */,
				930F9D5419CD38B200CA9D12 /* main.m in Sources */,
				937E42BB19CE741F00F69DB9 /* UITextField+Shake.m in Sources */,
				937E42C819CE94E400F69DB9 /* PreferencesTableViewController.m in Sources */,
				937E42C119CE7F0000F69DB9 /* TruthTableInputAccessoryView.m in Sources */,
			);
			runOnlyForDeploymentPostprocessing = 0;
		};
		93679E4819CD1A30000FF2B3 /* Sources */ = {
			isa = PBXSourcesBuildPhase;
			buildActionMask = 2147483647;
			files = (
				93679E5319CD1A30000FF2B3 /* TruthTests.m in Sources */,
			);
			runOnlyForDeploymentPostprocessing = 0;
		};
/* End PBXSourcesBuildPhase section */

/* Begin PBXTargetDependency section */
		93679E4E19CD1A30000FF2B3 /* PBXTargetDependency */ = {
			isa = PBXTargetDependency;
			target = 93679E3219CD1A30000FF2B3 /* Truth */;
			targetProxy = 93679E4D19CD1A30000FF2B3 /* PBXContainerItemProxy */;
		};
/* End PBXTargetDependency section */

/* Begin PBXVariantGroup section */
		93679E4519CD1A30000FF2B3 /* LaunchScreen.xib */ = {
			isa = PBXVariantGroup;
			children = (
				93679E4619CD1A30000FF2B3 /* Base */,
			);
			name = LaunchScreen.xib;
			sourceTree = "<group>";
		};
/* End PBXVariantGroup section */

/* Begin XCBuildConfiguration section */
		93679E5419CD1A30000FF2B3 /* Debug */ = {
			isa = XCBuildConfiguration;
			buildSettings = {
				ALWAYS_SEARCH_USER_PATHS = NO;
				CLANG_CXX_LANGUAGE_STANDARD = "gnu++0x";
				CLANG_CXX_LIBRARY = "libc++";
				CLANG_ENABLE_MODULES = YES;
				CLANG_ENABLE_OBJC_ARC = YES;
				CLANG_WARN_BOOL_CONVERSION = YES;
				CLANG_WARN_CONSTANT_CONVERSION = YES;
				CLANG_WARN_DIRECT_OBJC_ISA_USAGE = YES_ERROR;
				CLANG_WARN_EMPTY_BODY = YES;
				CLANG_WARN_ENUM_CONVERSION = YES;
				CLANG_WARN_INT_CONVERSION = YES;
				CLANG_WARN_OBJC_ROOT_CLASS = YES_ERROR;
				CLANG_WARN_UNREACHABLE_CODE = YES;
				CLANG_WARN__DUPLICATE_METHOD_MATCH = YES;
				"CODE_SIGN_IDENTITY[sdk=iphoneos*]" = "iPhone Developer";
				COPY_PHASE_STRIP = NO;
				ENABLE_STRICT_OBJC_MSGSEND = YES;
				GCC_C_LANGUAGE_STANDARD = gnu99;
				GCC_DYNAMIC_NO_PIC = NO;
				GCC_OPTIMIZATION_LEVEL = 0;
				GCC_PREPROCESSOR_DEFINITIONS = (
					"DEBUG=1",
					"$(inherited)",
				);
				GCC_SYMBOLS_PRIVATE_EXTERN = NO;
				GCC_WARN_64_TO_32_BIT_CONVERSION = YES;
				GCC_WARN_ABOUT_RETURN_TYPE = YES_ERROR;
				GCC_WARN_UNDECLARED_SELECTOR = YES;
				GCC_WARN_UNINITIALIZED_AUTOS = YES_AGGRESSIVE;
				GCC_WARN_UNUSED_FUNCTION = YES;
				GCC_WARN_UNUSED_VARIABLE = YES;
				IPHONEOS_DEPLOYMENT_TARGET = 8.0;
				MTL_ENABLE_DEBUG_INFO = YES;
				ONLY_ACTIVE_ARCH = YES;
				SDKROOT = iphoneos;
				TARGETED_DEVICE_FAMILY = "1,2";
			};
			name = Debug;
		};
		93679E5519CD1A30000FF2B3 /* Release */ = {
			isa = XCBuildConfiguration;
			buildSettings = {
				ALWAYS_SEARCH_USER_PATHS = NO;
				CLANG_CXX_LANGUAGE_STANDARD = "gnu++0x";
				CLANG_CXX_LIBRARY = "libc++";
				CLANG_ENABLE_MODULES = YES;
				CLANG_ENABLE_OBJC_ARC = YES;
				CLANG_WARN_BOOL_CONVERSION = YES;
				CLANG_WARN_CONSTANT_CONVERSION = YES;
				CLANG_WARN_DIRECT_OBJC_ISA_USAGE = YES_ERROR;
				CLANG_WARN_EMPTY_BODY = YES;
				CLANG_WARN_ENUM_CONVERSION = YES;
				CLANG_WARN_INT_CONVERSION = YES;
				CLANG_WARN_OBJC_ROOT_CLASS = YES_ERROR;
				CLANG_WARN_UNREACHABLE_CODE = YES;
				CLANG_WARN__DUPLICATE_METHOD_MATCH = YES;
				"CODE_SIGN_IDENTITY[sdk=iphoneos*]" = "iPhone Developer";
				COPY_PHASE_STRIP = YES;
				ENABLE_NS_ASSERTIONS = NO;
				ENABLE_STRICT_OBJC_MSGSEND = YES;
				GCC_C_LANGUAGE_STANDARD = gnu99;
				GCC_WARN_64_TO_32_BIT_CONVERSION = YES;
				GCC_WARN_ABOUT_RETURN_TYPE = YES_ERROR;
				GCC_WARN_UNDECLARED_SELECTOR = YES;
				GCC_WARN_UNINITIALIZED_AUTOS = YES_AGGRESSIVE;
				GCC_WARN_UNUSED_FUNCTION = YES;
				GCC_WARN_UNUSED_VARIABLE = YES;
				IPHONEOS_DEPLOYMENT_TARGET = 8.0;
				MTL_ENABLE_DEBUG_INFO = NO;
				SDKROOT = iphoneos;
				TARGETED_DEVICE_FAMILY = "1,2";
				VALIDATE_PRODUCT = YES;
			};
			name = Release;
		};
		93679E5719CD1A30000FF2B3 /* Debug */ = {
			isa = XCBuildConfiguration;
			buildSettings = {
				ASSETCATALOG_COMPILER_APPICON_NAME = AppIcon;
				FRAMEWORK_SEARCH_PATHS = (
					"$(inherited)",
					/Users/michaelsnowden/Documents/Frameworks,
				);
				INFOPLIST_FILE = Truth/Info.plist;
				IPHONEOS_DEPLOYMENT_TARGET = 7.1;
				LD_RUNPATH_SEARCH_PATHS = "$(inherited) @executable_path/Frameworks";
				PRODUCT_NAME = "$(TARGET_NAME)";
			};
			name = Debug;
		};
		93679E5819CD1A30000FF2B3 /* Release */ = {
			isa = XCBuildConfiguration;
			buildSettings = {
				ASSETCATALOG_COMPILER_APPICON_NAME = AppIcon;
				FRAMEWORK_SEARCH_PATHS = (
					"$(inherited)",
					/Users/michaelsnowden/Documents/Frameworks,
				);
				INFOPLIST_FILE = Truth/Info.plist;
				IPHONEOS_DEPLOYMENT_TARGET = 7.1;
				LD_RUNPATH_SEARCH_PATHS = "$(inherited) @executable_path/Frameworks";
				PRODUCT_NAME = "$(TARGET_NAME)";
			};
			name = Release;
		};
		93679E5A19CD1A30000FF2B3 /* Debug */ = {
			isa = XCBuildConfiguration;
			buildSettings = {
				BUNDLE_LOADER = "$(TEST_HOST)";
				FRAMEWORK_SEARCH_PATHS = (
					"$(SDKROOT)/Developer/Library/Frameworks",
					"$(inherited)",
				);
				GCC_PREPROCESSOR_DEFINITIONS = (
					"DEBUG=1",
					"$(inherited)",
				);
				INFOPLIST_FILE = TruthTests/Info.plist;
				LD_RUNPATH_SEARCH_PATHS = "$(inherited) @executable_path/Frameworks @loader_path/Frameworks";
				PRODUCT_NAME = "$(TARGET_NAME)";
				TEST_HOST = "$(BUILT_PRODUCTS_DIR)/Truth.app/Truth";
			};
			name = Debug;
		};
		93679E5B19CD1A30000FF2B3 /* Release */ = {
			isa = XCBuildConfiguration;
			buildSettings = {
				BUNDLE_LOADER = "$(TEST_HOST)";
				FRAMEWORK_SEARCH_PATHS = (
					"$(SDKROOT)/Developer/Library/Frameworks",
					"$(inherited)",
				);
				INFOPLIST_FILE = TruthTests/Info.plist;
				LD_RUNPATH_SEARCH_PATHS = "$(inherited) @executable_path/Frameworks @loader_path/Frameworks";
				PRODUCT_NAME = "$(TARGET_NAME)";
				TEST_HOST = "$(BUILT_PRODUCTS_DIR)/Truth.app/Truth";
			};
			name = Release;
		};
/* End XCBuildConfiguration section */

/* Begin XCConfigurationList section */
		93679E2E19CD1A30000FF2B3 /* Build configuration list for PBXProject "Truth" */ = {
			isa = XCConfigurationList;
			buildConfigurations = (
				93679E5419CD1A30000FF2B3 /* Debug */,
				93679E5519CD1A30000FF2B3 /* Release */,
			);
			defaultConfigurationIsVisible = 0;
			defaultConfigurationName = Release;
		};
		93679E5619CD1A30000FF2B3 /* Build configuration list for PBXNativeTarget "Truth" */ = {
			isa = XCConfigurationList;
			buildConfigurations = (
				93679E5719CD1A30000FF2B3 /* Debug */,
				93679E5819CD1A30000FF2B3 /* Release */,
			);
			defaultConfigurationIsVisible = 0;
			defaultConfigurationName = Release;
		};
		93679E5919CD1A30000FF2B3 /* Build configuration list for PBXNativeTarget "TruthTests" */ = {
			isa = XCConfigurationList;
			buildConfigurations = (
				93679E5A19CD1A30000FF2B3 /* Debug */,
				93679E5B19CD1A30000FF2B3 /* Release */,
			);
			defaultConfigurationIsVisible = 0;
			defaultConfigurationName = Release;
		};
/* End XCConfigurationList section */
	};
	rootObject = 93679E2B19CD1A30000FF2B3 /* Project object */;
}
